{
  "nodes": {
    "cosmo": {
      "inputs": {
        "nixpkgs": [
          "nixpkgs"
        ]
      },
      "locked": {
        "lastModified": 1751079941,
        "narHash": "sha256-uYNYPR28pLny7dSpyKvLD5XjoinhnND5i/mMj6CsUCY=",
        "owner": "s0ph0s-dog",
        "repo": "cosmopolitan",
        "rev": "cf7daaa523f4fff43aa0bc9a5dc55d36e3cbbede",
        "type": "github"
      },
      "original": {
        "owner": "s0ph0s-dog",
        "ref": "s0ph0s-patches",
        "repo": "cosmopolitan",
        "type": "github"
      }
    },
    "nixpkgs": {
      "locked": {
        "lastModified": 1752950548,
        "narHash": "sha256-NS6BLD0lxOrnCiEOcvQCDVPXafX1/ek1dfJHX1nUIzc=",
        "owner": "NixOS",
        "repo": "nixpkgs",
        "rev": "c87b95e25065c028d31a94f06a62927d18763fdf",
        "type": "github"
      },
      "original": {
        "id": "nixpkgs",
        "ref": "nixos-unstable",
        "type": "indirect"
      }
    },
    "root": {
      "inputs": {
        "cosmo": "cosmo",
        "nixpkgs": "nixpkgs"
      }
    }
  },
  "root": "root",
  "version": 7
}
