{
  "nodes": {
    "cosmo": {
      "inputs": {
        "nixpkgs": [
          "nixpkgs"
        ]
      },
      "locked": {
        "lastModified": 1751079941,
        "narHash": "sha256-uYNYPR28pLny7dSpyKvLD5XjoinhnND5i/mMj6CsUCY=",
        "owner": "s0ph0s-dog",
        "repo": "cosmopolitan",
        "rev": "cf7daaa523f4fff43aa0bc9a5dc55d36e3cbbede",
        "type": "github"
      },
      "original": {
        "owner": "s0ph0s-dog",
        "ref": "s0ph0s-patches",
        "repo": "cosmopolitan",
        "type": "github"
      }
    },
    "nixpkgs": {
      "locked": {
        "lastModified": 1753749649,
        "narHash": "sha256-+jkEZxs7bfOKfBIk430K+tK9IvXlwzqQQnppC2ZKFj4=",
        "owner": "NixOS",
        "repo": "nixpkgs",
        "rev": "1f08a4df998e21f4e8be8fb6fbf61d11a1a5076a",
        "type": "github"
      },
      "original": {
        "id": "nixpkgs",
        "ref": "nixos-25.05",
        "type": "indirect"
      }
    },
    "root": {
      "inputs": {
        "cosmo": "cosmo",
        "nixpkgs": "nixpkgs"
      }
    }
  },
  "root": "root",
  "version": 7
}
